
Microsoft Visual Studio Solution File, Format Version 12.00
# Visual Studio 2012
Project("{FAE04EC0-301F-11D3-BF4B-00C04F79EFBC}") = "CSerpis", "CSerpis\CSerpis.csproj", "{97525059-AA50-4A02-8196-4C0646F1859F}"
EndProject
Global
	GlobalSection(SolutionConfigurationPlatforms) = preSolution
		Debug|Any CPU = Debug|Any CPU
		Release|Any CPU = Release|Any CPU
	EndGlobalSection
	GlobalSection(ProjectConfigurationPlatforms) = postSolution
		{97525059-AA50-4A02-8196-4C0646F1859F}.Debug|Any CPU.ActiveCfg = Debug|Any CPU
		{97525059-AA50-4A02-8196-4C0646F1859F}.Debug|Any CPU.Build.0 = Debug|Any CPU
		{97525059-AA50-4A02-8196-4C0646F1859F}.Release|Any CPU.ActiveCfg = Release|Any CPU
		{97525059-AA50-4A02-8196-4C0646F1859F}.Release|Any CPU.Build.0 = Release|Any CPU
	EndGlobalSection
EndGlobal
